
Microsoft Visual Studio Solution File, Format Version 12.00
# Visual Studio Version 16
VisualStudioVersion = 16.0.31313.79
MinimumVisualStudioVersion = 10.0.40219.1
Project("{FAE04EC0-301F-11D3-BF4B-00C04F79EFBC}") = "HelloGame", "HelloGame\HelloGame.csproj", "{672D276D-E093-4205-9CA9-7B47A289EEE5}"
EndProject
Global
	GlobalSection(SolutionConfigurationPlatforms) = preSolution
		Debug|Any CPU = Debug|Any CPU
		Release|Any CPU = Release|Any CPU
	EndGlobalSection
	GlobalSection(ProjectConfigurationPlatforms) = postSolution
		{672D276D-E093-4205-9CA9-7B47A289EEE5}.Debug|Any CPU.ActiveCfg = Debug|Any CPU
		{672D276D-E093-4205-9CA9-7B47A289EEE5}.Debug|Any CPU.Build.0 = Debug|Any CPU
		{672D276D-E093-4205-9CA9-7B47A289EEE5}.Release|Any CPU.ActiveCfg = Release|Any CPU
		{672D276D-E093-4205-9CA9-7B47A289EEE5}.Release|Any CPU.Build.0 = Release|Any CPU
	EndGlobalSection
	GlobalSection(SolutionProperties) = preSolution
		HideSolutionNode = FALSE
	EndGlobalSection
	GlobalSection(ExtensibilityGlobals) = postSolution
		SolutionGuid = {B93B10BD-197A-425B-B53C-FADAA27CB710}
	EndGlobalSection
EndGlobal
